
Microsoft Visual Studio Solution File, Format Version 12.00
# Visual Studio Version 17
VisualStudioVersion = 17.0.31903.59
MinimumVisualStudioVersion = 10.0.40219.1
Project("{2150E333-8FDC-42A3-9474-1A3956D46DE8}") = "src", "src", "{F10D8CA9-5555-4B14-A584-658B7AECF714}"
EndProject
Project("{FAE04EC0-301F-11D3-BF4B-00C04F79EFBC}") = "WindowsSystemMonitorTrofeo", "src\WindowsSystemMonitorTrofeo\WindowsSystemMonitorTrofeo.csproj", "{DE350556-18C8-4E09-86B3-62E1A19C229F}"
EndProject
Global
	GlobalSection(SolutionConfigurationPlatforms) = preSolution
		Debug|Any CPU = Debug|Any CPU
		Release|Any CPU = Release|Any CPU
	EndGlobalSection
	GlobalSection(SolutionProperties) = preSolution
		HideSolutionNode = FALSE
	EndGlobalSection
	GlobalSection(ProjectConfigurationPlatforms) = postSolution
		{DE350556-18C8-4E09-86B3-62E1A19C229F}.Debug|Any CPU.ActiveCfg = Debug|Any CPU
		{DE350556-18C8-4E09-86B3-62E1A19C229F}.Debug|Any CPU.Build.0 = Debug|Any CPU
		{DE350556-18C8-4E09-86B3-62E1A19C229F}.Release|Any CPU.ActiveCfg = Release|Any CPU
		{DE350556-18C8-4E09-86B3-62E1A19C229F}.Release|Any CPU.Build.0 = Release|Any CPU
	EndGlobalSection
	GlobalSection(NestedProjects) = preSolution
		{DE350556-18C8-4E09-86B3-62E1A19C229F} = {F10D8CA9-5555-4B14-A584-658B7AECF714}
	EndGlobalSection
EndGlobal
